{
  "object": {
    "pins": [
      {
        "package": "KSTimerView",
        "repositoryURL": "https://github.com/karthironald/KSTimerView.git",
        "state": {
          "branch": "main",
          "revision": "b657bc2339416068b2ec795266198f192b54b6ae",
          "version": null
        }
      }
    ]
  },
  "version": 1
}
